
Microsoft Visual Studio Solution File, Format Version 12.00
# Visual Studio 14
VisualStudioVersion = 14.0.25420.1
MinimumVisualStudioVersion = 10.0.40219.1
Project("{FAE04EC0-301F-11D3-BF4B-00C04F79EFBC}") = "NServiceBus.AzureStorageQueues", "Transport\NServiceBus.AzureStorageQueues.csproj", "{B6D6406F-F5A4-46D7-A882-4A831128065E}"
EndProject
Project("{FAE04EC0-301F-11D3-BF4B-00C04F79EFBC}") = "NServiceBus.AzureStorageQueues.AcceptanceTests", "AcceptanceTests\NServiceBus.AzureStorageQueues.AcceptanceTests.csproj", "{09996CDC-90AC-442F-A6CE-601F37CD1352}"
EndProject
Project("{FAE04EC0-301F-11D3-BF4B-00C04F79EFBC}") = "NServiceBus.AzureStorageQueues.Tests", "Tests\NServiceBus.AzureStorageQueues.Tests.csproj", "{02FEF736-87DA-42FA-AC51-E384A9CA2926}"
EndProject
Project("{2150E333-8FDC-42A3-9474-1A3956D46DE8}") = "nuget", "nuget", "{626DCEA0-9CAA-4226-8906-D387FFE5777F}"
	ProjectSection(SolutionItems) = preProject
		nuget.config = nuget.config
	EndProjectSection
EndProject
Project("{FAE04EC0-301F-11D3-BF4B-00C04F79EFBC}") = "NServiceBus.AzureStorageQueues.TransportTests", "NServiceBus.AzureStorageQueues.TransportTests\NServiceBus.AzureStorageQueues.TransportTests.csproj", "{BC08A40C-A7F9-4D93-906E-BCD135DA2A72}"
EndProject
Global
	GlobalSection(SolutionConfigurationPlatforms) = preSolution
		Debug|Any CPU = Debug|Any CPU
		Release|Any CPU = Release|Any CPU
	EndGlobalSection
	GlobalSection(ProjectConfigurationPlatforms) = postSolution
		{B6D6406F-F5A4-46D7-A882-4A831128065E}.Debug|Any CPU.ActiveCfg = Debug|Any CPU
		{B6D6406F-F5A4-46D7-A882-4A831128065E}.Debug|Any CPU.Build.0 = Debug|Any CPU
		{B6D6406F-F5A4-46D7-A882-4A831128065E}.Release|Any CPU.ActiveCfg = Release|Any CPU
		{B6D6406F-F5A4-46D7-A882-4A831128065E}.Release|Any CPU.Build.0 = Release|Any CPU
		{09996CDC-90AC-442F-A6CE-601F37CD1352}.Debug|Any CPU.ActiveCfg = Debug|Any CPU
		{09996CDC-90AC-442F-A6CE-601F37CD1352}.Debug|Any CPU.Build.0 = Debug|Any CPU
		{09996CDC-90AC-442F-A6CE-601F37CD1352}.Release|Any CPU.ActiveCfg = Release|Any CPU
		{09996CDC-90AC-442F-A6CE-601F37CD1352}.Release|Any CPU.Build.0 = Release|Any CPU
		{02FEF736-87DA-42FA-AC51-E384A9CA2926}.Debug|Any CPU.ActiveCfg = Debug|Any CPU
		{02FEF736-87DA-42FA-AC51-E384A9CA2926}.Debug|Any CPU.Build.0 = Debug|Any CPU
		{02FEF736-87DA-42FA-AC51-E384A9CA2926}.Release|Any CPU.ActiveCfg = Release|Any CPU
		{02FEF736-87DA-42FA-AC51-E384A9CA2926}.Release|Any CPU.Build.0 = Release|Any CPU
		{BC08A40C-A7F9-4D93-906E-BCD135DA2A72}.Debug|Any CPU.ActiveCfg = Debug|Any CPU
		{BC08A40C-A7F9-4D93-906E-BCD135DA2A72}.Debug|Any CPU.Build.0 = Debug|Any CPU
		{BC08A40C-A7F9-4D93-906E-BCD135DA2A72}.Release|Any CPU.ActiveCfg = Release|Any CPU
		{BC08A40C-A7F9-4D93-906E-BCD135DA2A72}.Release|Any CPU.Build.0 = Release|Any CPU
	EndGlobalSection
	GlobalSection(SolutionProperties) = preSolution
		HideSolutionNode = FALSE
	EndGlobalSection
EndGlobal
